# This file is automatically @generated by Cargo.
# It is not intended for manual editing.
version = 4

[[package]]
name = "vitheim"
version = "0.1.0"
dependencies = [
 "vitheim-budget",
 "vitheim-error",
 "vitheim-id",
 "vitheim-time",
]

[[package]]
name = "vitheim-budget"
version = "0.1.0"

[[package]]
name = "vitheim-error"
version = "0.1.0"

[[package]]
name = "vitheim-id"
version = "0.1.0"

[[package]]
name = "vitheim-time"
version = "0.1.0"
